
Microsoft Visual Studio Solution File, Format Version 12.00
# Visual Studio Version 17
VisualStudioVersion = 17.5.002.0
MinimumVisualStudioVersion = 10.0.40219.1
Project("{9A19103F-16F7-4668-BE54-9A1E7A4F7556}") = "EVALUATION", "EVALUATION.csproj", "{09EDB7A4-52AB-4FA3-8441-A8BAE7D8C623}"
EndProject
Global
	GlobalSection(SolutionConfigurationPlatforms) = preSolution
		Debug|Any CPU = Debug|Any CPU
		Release|Any CPU = Release|Any CPU
	EndGlobalSection
	GlobalSection(ProjectConfigurationPlatforms) = postSolution
		{09EDB7A4-52AB-4FA3-8441-A8BAE7D8C623}.Debug|Any CPU.ActiveCfg = Debug|Any CPU
		{09EDB7A4-52AB-4FA3-8441-A8BAE7D8C623}.Debug|Any CPU.Build.0 = Debug|Any CPU
		{09EDB7A4-52AB-4FA3-8441-A8BAE7D8C623}.Release|Any CPU.ActiveCfg = Release|Any CPU
		{09EDB7A4-52AB-4FA3-8441-A8BAE7D8C623}.Release|Any CPU.Build.0 = Release|Any CPU
	EndGlobalSection
	GlobalSection(SolutionProperties) = preSolution
		HideSolutionNode = FALSE
	EndGlobalSection
	GlobalSection(ExtensibilityGlobals) = postSolution
		SolutionGuid = {44B07503-5519-42F3-9B4E-9ED3206BF91D}
	EndGlobalSection
EndGlobal
